{
  "name": "nature-cab",
  "version": "0.0.1",
  "lockfileVersion": 1,
  "requires": true,
  "dependencies": {
    "@types/async": {
      "version": "2.0.44",
      "resolved": "https://registry.npmjs.org/@types/async/-/async-2.0.44.tgz",
      "integrity": "sha512-tE5HO+BSq3xfLWTaXyty1ITfs9Uu8CA4dYf1TeEtcPAtQEOY0c/oZYMtbEHFsUExD0g+sWmKYxtjeRQ2ywrp8Q==",
      "optional": true
    },
    "apollo-cache": {
      "version": "1.0.0",
      "resolved": "https://registry.npmjs.org/apollo-cache/-/apollo-cache-1.0.0.tgz",
      "integrity": "sha512-hvujtpTtZWh0/DmDcQsCzF2MyDZW30BuHLhvZyVG/kTjhWvrMurgRr5lR2U3P/pUDi0na5IomWTBlKaszwgerA==",
      "requires": {
        "apollo-utilities": "1.0.0"
      }
    },
    "apollo-client": {
      "version": "2.0.1",
      "resolved": "https://registry.npmjs.org/apollo-client/-/apollo-client-2.0.1.tgz",
      "integrity": "sha512-zxzvVGzSm51Dy8+xou9IIeYjPgOI2AY1EvuP4mROKTRXO8HDleTmmEAwjeFuPlF1i/8JMrBbLt1J+CJjaren0Q==",
      "requires": {
        "@types/async": "2.0.44",
        "apollo-cache": "1.0.0",
        "apollo-link": "1.0.0",
        "apollo-link-dedup": "1.0.0",
        "apollo-utilities": "1.0.0",
        "symbol-observable": "1.0.4"
      }
    },
    "apollo-link": {
      "version": "1.0.0",
      "resolved": "https://registry.npmjs.org/apollo-link/-/apollo-link-1.0.0.tgz",
      "integrity": "sha512-tlbNNokM4v6I6PAQ19dV8hhykqkuqgT00DgH6b5I0dTTiJL7i4bNLVm+X6Si/cqu66akvjuRQsqUgjH3Du0Cgw==",
      "requires": {
        "apollo-utilities": "0.2.0-rc.3",
        "zen-observable": "0.6.0"
      },
      "dependencies": {
        "apollo-utilities": {
          "version": "0.2.0-rc.3",
          "resolved": "https://registry.npmjs.org/apollo-utilities/-/apollo-utilities-0.2.0-rc.3.tgz",
          "integrity": "sha512-UM5ok/DUKSgh/3T302hoPqCAhqfXdvBaQKOQJb0QUuX3qu2qVKzvwFsv/C3zWYySeCJTP9EoV2LtooIJOhSL4g=="
        }
      }
    },
    "apollo-link-dedup": {
      "version": "1.0.0",
      "resolved": "https://registry.npmjs.org/apollo-link-dedup/-/apollo-link-dedup-1.0.0.tgz",
      "integrity": "sha512-9ARdvKl/Y1Cgz+Hx7IMPYToOiwD+88F5wcRs/RS2gmkNivy9qfDhGddTvEvi01urBYaXSKWuOL5xVU4Hqy2Hbg=="
    },
    "apollo-utilities": {
      "version": "1.0.0",
      "resolved": "https://registry.npmjs.org/apollo-utilities/-/apollo-utilities-1.0.0.tgz",
      "integrity": "sha512-Su7PyN5KJqVPEcFuHjHvTeTTRZVatK8yFiw/EmDdr7rHhYosHT1/qZXBAAraYlqy8h1rJNVTTJyqkzAhKHTPJQ=="
    },
    "deprecated-decorator": {
      "version": "0.1.6",
      "resolved": "https://registry.npmjs.org/deprecated-decorator/-/deprecated-decorator-0.1.6.tgz",
      "integrity": "sha1-AJZjF7ehL+kvPMgx91g68ym4bDc="
    },
    "graphql-tools": {
      "version": "2.6.1",
      "resolved": "https://registry.npmjs.org/graphql-tools/-/graphql-tools-2.6.1.tgz",
      "integrity": "sha1-n20WAJUaBbGLg8UphsQu7k/Tyxs=",
      "requires": {
        "apollo-utilities": "0.1.1-1",
        "deprecated-decorator": "0.1.6",
        "uuid": "3.1.0"
      },
      "dependencies": {
        "apollo-utilities": {
          "version": "0.1.1-1",
          "resolved": "https://registry.npmjs.org/apollo-utilities/-/apollo-utilities-0.1.1-1.tgz",
          "integrity": "sha512-1254/E4u7B5niFoR7h3RF+Bxv+KjAe6StEHUXABeDOIcVHkjjLHx++ZKDdZeTjwDow4tMc5fkhwpZ5vzxezyxQ=="
        }
      }
    },
    "symbol-observable": {
      "version": "1.0.4",
      "resolved": "https://registry.npmjs.org/symbol-observable/-/symbol-observable-1.0.4.tgz",
      "integrity": "sha1-Kb9hXUqnEhvdiYsi1LP5vE4qoD0="
    },
    "uuid": {
      "version": "3.1.0",
      "resolved": "https://registry.npmjs.org/uuid/-/uuid-3.1.0.tgz",
      "integrity": "sha512-DIWtzUkw04M4k3bf1IcpS2tngXEL26YUD2M0tMDUpnUrz2hgzUBlD55a4FjdLGPvfHxS6uluGWvaVEqgBcVa+g=="
    },
    "zen-observable": {
      "version": "0.6.0",
      "resolved": "https://registry.npmjs.org/zen-observable/-/zen-observable-0.6.0.tgz",
      "integrity": "sha512-G5v4eFZ1+qJC9U3iyldcc7OLsYfFf6/+/vywU3acbq0qq1PdFXsyfqtOUaQSTwhdbejO7AQWil3GzHxYlMchIg=="
    }
  }
}
